{
  "requires": true,
  "lockfileVersion": 1,
  "dependencies": {
    "chevrotain": {
      "version": "4.3.3",
      "resolved": "https://registry.npmjs.org/chevrotain/-/chevrotain-4.3.3.tgz",
      "integrity": "sha512-DsmAmF5urXboHHXqEr26Ot//S+l3yrOr7UwwgWQ+aNNlYpmnYK1flxplwJ5cIUgP9toKFsJ0VeLT1sq350A9Hg==",
      "requires": {
        "regexp-to-ast": "0.4.0"
      }
    },
    "regexp-to-ast": {
      "version": "0.4.0",
      "resolved": "https://registry.npmjs.org/regexp-to-ast/-/regexp-to-ast-0.4.0.tgz",
      "integrity": "sha512-4qf/7IsIKfSNHQXSwial1IFmfM1Cc/whNBQqRwe0V2stPe7KmN1U0tWQiIx6JiirgSrisjE0eECdNf7Tav1Ntw=="
    }
  }
}
